PODS:
  - NTJBilateralCIFilter (1.0.0)

DEPENDENCIES:
  - NTJBilateralCIFilter (from `https://github.com/notjosh/NTJBilateralCIFilter.git`)

EXTERNAL SOURCES:
  NTJBilateralCIFilter:
    :git: https://github.com/notjosh/NTJBilateralCIFilter.git

CHECKOUT OPTIONS:
  NTJBilateralCIFilter:
    :commit: b05d0ba2fdcba6318aea40f6f225c5a7db3ff512
    :git: https://github.com/notjosh/NTJBilateralCIFilter.git

SPEC CHECKSUMS:
  NTJBilateralCIFilter: 66733f5d4df332b74edbfc1fb444dafd3432a028

PODFILE CHECKSUM: d9cb7a50cced53176f1a07fe36864568b787aa3f

COCOAPODS: 1.0.1
